# This file is automatically @generated by Cargo.
# It is not intended for manual editing.
version = 4

[[package]]
name = "crucible-component"
version = "0.0.0"

[[package]]
name = "crucible-generated"
version = "0.0.0"
dependencies = [
 "crucible-world-contract",
]

[[package]]
name = "crucible-section-qualification"
version = "0.0.0"
dependencies = [
 "crucible-generated",
 "crucible-world-contract",
 "crucible-world-reference",
 "crucible-world-section",
]

[[package]]
name = "crucible-types"
version = "0.0.0"

[[package]]
name = "crucible-world-contract"
version = "0.0.0"

[[package]]
name = "crucible-world-reference"
version = "0.0.0"
dependencies = [
 "crucible-world-contract",
]

[[package]]
name = "crucible-world-section"
version = "0.0.0"
dependencies = [
 "crucible-generated",
 "crucible-world-contract",
 "crucible-world-reference",
]

[[package]]
name = "xtask"
version = "0.0.0"
dependencies = [
 "crucible-section-qualification",
]
