# This file is automatically @generated by Cargo.
# It is not intended for manual editing.
version = 4

[[package]]
name = "adler2"
version = "2.0.1"
source = "registry+https://github.com/rust-lang/crates.io-index"
checksum = "320119579fcad9c21884f5c4861d16174d0e06250625266f50fe6898340abefa"

[[package]]
name = "helve-benchmark-support"
version = "0.0.0"

[[package]]
name = "helve-client-spine-qualification"
version = "0.0.0"
dependencies = [
 "helve-benchmark-support",
 "helve-connection-core",
 "helve-connection-driver",
 "helve-packet-core",
 "helve-protocol-core",
 "helve-publication-core",
 "helve-session-core",
]

[[package]]
name = "helve-component"
version = "0.0.0"

[[package]]
name = "helve-composition"
version = "0.0.0"
dependencies = [
 "helve-world-reference",
]

[[package]]
name = "helve-composition-qualification"
version = "0.0.0"
dependencies = [
 "helve-benchmark-support",
 "helve-composition",
 "helve-generated",
 "helve-world-contract",
 "helve-world-reference",
]

[[package]]
name = "helve-connection-core"
version = "0.0.0"
dependencies = [
 "helve-protocol-core",
]

[[package]]
name = "helve-connection-driver"
version = "0.0.0"
dependencies = [
 "helve-connection-core",
]

[[package]]
name = "helve-executor-baseline"
version = "0.0.0"
dependencies = [
 "helve-benchmark-support",
 "helve-generated",
 "helve-ownership-qualification",
 "helve-world-contract",
 "helve-world-reference",
]

[[package]]
name = "helve-generated"
version = "0.0.0"
dependencies = [
 "helve-world-contract",
]

[[package]]
name = "helve-ownership-qualification"
version = "0.0.0"

[[package]]
name = "helve-packet-core"
version = "0.0.0"
dependencies = [
 "helve-protocol-core",
]

[[package]]
name = "helve-preplay-core"
version = "0.0.0"
dependencies = [
 "helve-connection-core",
 "helve-connection-driver",
 "helve-packet-core",
 "helve-publication-core",
 "helve-session-core",
]

[[package]]
name = "helve-preplay-io"
version = "0.0.0"
dependencies = [
 "helve-connection-core",
 "helve-connection-driver",
 "helve-packet-core",
 "helve-preplay-core",
 "helve-session-core",
]

[[package]]
name = "helve-protocol-core"
version = "0.0.0"

[[package]]
name = "helve-publication-core"
version = "0.0.0"
dependencies = [
 "helve-connection-core",
 "helve-connection-driver",
]

[[package]]
name = "helve-section-qualification"
version = "0.0.0"
dependencies = [
 "helve-benchmark-support",
 "helve-generated",
 "helve-world-contract",
 "helve-world-reference",
 "helve-world-section",
]

[[package]]
name = "helve-server"
version = "0.0.0"
dependencies = [
 "helve-connection-core",
 "helve-connection-driver",
 "helve-packet-core",
 "helve-preplay-core",
 "helve-preplay-io",
 "helve-publication-core",
 "helve-session-core",
 "helve-target-26-2",
]

[[package]]
name = "helve-session-core"
version = "0.0.0"

[[package]]
name = "helve-target-26-2"
version = "0.0.0"
dependencies = [
 "helve-connection-core",
 "helve-connection-driver",
 "helve-packet-core",
 "helve-preplay-core",
 "helve-publication-core",
 "helve-session-core",
]

[[package]]
name = "helve-types"
version = "0.0.0"

[[package]]
name = "helve-world-access-qualification"
version = "0.0.0"
dependencies = [
 "helve-benchmark-support",
 "helve-generated",
 "helve-types",
 "helve-world-chunk",
 "helve-world-reference",
 "helve-world-runtime",
]

[[package]]
name = "helve-world-chunk"
version = "0.0.0"
dependencies = [
 "helve-generated",
 "helve-types",
 "helve-world-contract",
 "helve-world-reference",
]

[[package]]
name = "helve-world-contract"
version = "0.0.0"

[[package]]
name = "helve-world-import"
version = "0.0.0"
dependencies = [
 "helve-generated",
 "helve-types",
 "miniz_oxide",
]

[[package]]
name = "helve-world-load"
version = "0.0.0"
dependencies = [
 "helve-types",
 "helve-world-contract",
 "helve-world-import",
 "helve-world-reference",
 "helve-world-runtime",
]

[[package]]
name = "helve-world-load-qualification"
version = "0.0.0"
dependencies = [
 "helve-benchmark-support",
 "helve-generated",
 "helve-types",
 "helve-world-contract",
 "helve-world-import",
 "helve-world-load",
 "helve-world-runtime",
]

[[package]]
name = "helve-world-reference"
version = "0.0.0"
dependencies = [
 "helve-world-contract",
]

[[package]]
name = "helve-world-runtime"
version = "0.0.0"
dependencies = [
 "helve-types",
 "helve-world-chunk",
 "helve-world-contract",
 "helve-world-reference",
]

[[package]]
name = "helve-world-section"
version = "0.0.0"
dependencies = [
 "helve-generated",
 "helve-world-contract",
 "helve-world-reference",
]

[[package]]
name = "miniz_oxide"
version = "0.8.9"
source = "registry+https://github.com/rust-lang/crates.io-index"
checksum = "1fa76a2c86f704bdb222d66965fb3d63269ce38518b83cb0575fca855ebb6316"
dependencies = [
 "adler2",
]

[[package]]
name = "xtask"
version = "0.0.0"
dependencies = [
 "helve-section-qualification",
]
