# This file is generated by tools/composition_resolver.py. Do not edit by hand.
schema = 1
engine_spi_version = 1
composition_sha256 = "b49458049dc651a9d7118e5737b4750e4f1d081a0fb04533611f2493b0eb4e11"
minecraft = "26.2"
profile = "reference"
profile_sha256 = "99afb2597ab08febda91f14d65b33d91137bb5cf2d3a950ccf5da9dbacac92ff"
rust_toolchain = "1.97.1"
generated_data_sha256 = "79e5803347d6fb6f7ffccea4cef783998a1c6469ed869d26fa48ab5f2328cd3b"

[[packages]]
id = "crucible-section-reference"
version = "0.0.0"
manifest_sha256 = "a7dbcc9cafe913050dd508a5c6e6c54b01e19c2a8a27601a2465e4c7a736432c"
kind = "engine-source"
trust = "engine-native"
fidelity = "strict"
qualified = true
semantic_deviations = []
qualification_records = ["docs/qualification/SECTION_EQUIVALENCE_LAB.md", "docs/qualification/SECTION_SEMANTIC_FIXTURES.md"]

[[providers]]
capability = "world.section-store/1"
package = "crucible-section-reference"
rust_export = "SectionStore"
rust_type = "crucible_world_reference::DirectBlockSection"
cost = "hot"
