# This file is generated by tools/composition_resolver.py. Do not edit by hand.
schema = 1
engine_spi_version = 1
composition_sha256 = "48eb2c70901221c2d1cace24074f2eb202c9d9e998773a4757e6102327711d50"
minecraft = "26.2"
profile = "reference"
profile_sha256 = "6abb949989ffe5dbc3dc1b47283d9c1cc90812ccee6504590600a6eea180f23a"
rust_toolchain = "1.97.1"
generated_data_sha256 = "79e5803347d6fb6f7ffccea4cef783998a1c6469ed869d26fa48ab5f2328cd3b"

[[packages]]
id = "helve-section-reference"
version = "0.0.0"
manifest_sha256 = "d25ca4ee383f9d72db0242ff3673f3548dc6874301b60b88dedbc468ec045dd2"
kind = "engine-source"
trust = "engine-native"
fidelity = "strict"
qualified = true
semantic_deviations = []
qualification_records = ["docs/qualification/SECTION_EQUIVALENCE_LAB.md", "docs/qualification/SECTION_SEMANTIC_FIXTURES.md"]

[[providers]]
capability = "world.section-store/1"
package = "helve-section-reference"
rust_export = "SectionStore"
rust_type = "helve_world_reference::DirectBlockSection"
cost = "hot"
